<Solution>
  <Configurations>
    <Platform Name="x64" />
    <Platform Name="x86" />
  </Configurations>
  <Folder Name="/Solution Items/">
    <File Path="LessonLearned.txt" />
  </Folder>
  <Project Path="Calculator/Calculator.vcxproj" Id="79f55517-2895-40f3-a232-d70901a01b62" />
  <Project Path="Exercises/Exercises.vcxproj" Id="503fa51b-965d-4616-add9-2e6bd889260c" />
  <Project Path="Gui/Gui.vcxproj" Id="e90ff80b-b3a0-46ac-80e9-546b1ccabf15" />
  <Project Path="HelloWorld/HelloWorld.vcxproj" Id="b74dc49d-9af3-41a0-894e-a6a96fd47271" />
  <Project Path="Magic8Ball/Magic8Ball.vcxproj" Id="5003aa5c-c3d5-464c-a482-9d6765596bbf" />
  <Project Path="myLib/myLib.vcxproj" Id="d8c880d2-b535-4e40-a026-ca429b2c492c" />
  <Project Path="PetSim/PetSim.vcxproj" Id="96d636ae-aff4-452f-aa99-e844df6a0ab3" />
  <Project Path="RaylibSandbox/RaylibSandbox.vcxproj" Id="7a442dc2-a204-44e5-a99b-f1025e1f5b40" />
  <Project Path="SnakeGame/SnakeGame.vcxproj" Id="04e37472-30b5-4088-8542-67ad118bcfa3" />
</Solution>
